
Microsoft Visual Studio Solution File, Format Version 12.00
# Visual Studio Version 16
VisualStudioVersion = 16.0.30523.141
MinimumVisualStudioVersion = 10.0.40219.1
Project("{2150E333-8FDC-42A3-9474-1A3956D46DE8}") = "1Lab_", "1Lab_", "{58B7CD25-7D08-42AC-950F-5602E5A54D36}"
EndProject
Project("{FAE04EC0-301F-11D3-BF4B-00C04F79EFBC}") = "Lab1.Models", "GeometrySquare\Lab1.Models.csproj", "{B2AEB2B5-6872-45A9-A0FF-6A7746973799}"
EndProject
Project("{FAE04EC0-301F-11D3-BF4B-00C04F79EFBC}") = "Lab1.Main", "Lab1MAIN\Lab1.Main.csproj", "{09AAB01F-123D-4822-B3FD-B57FA10604FC}"
EndProject
Project("{2150E333-8FDC-42A3-9474-1A3956D46DE8}") = "2Lab_", "2Lab_", "{4EDB95BC-2239-43D0-A898-A3B2262B622F}"
EndProject
Project("{FAE04EC0-301F-11D3-BF4B-00C04F79EFBC}") = "Lab2.Models", "Lab2.Models\Lab2.Models.csproj", "{DD024191-D28D-43B6-AFDF-964D0E3326A8}"
EndProject
Project("{FAE04EC0-301F-11D3-BF4B-00C04F79EFBC}") = "Lab2.Main", "Lab2.Main\Lab2.Main.csproj", "{C30E91BC-3292-4E18-BEC5-D5DB02164648}"
EndProject
Project("{2150E333-8FDC-42A3-9474-1A3956D46DE8}") = "3Lab_", "3Lab_", "{975CDED7-FBB1-4AD9-815F-8D889ED50A0D}"
EndProject
Project("{FAE04EC0-301F-11D3-BF4B-00C04F79EFBC}") = "Lab3.Models", "Lab3.Models\Lab3.Models.csproj", "{B9BA4A9F-B044-4846-B744-6A2FBACD9730}"
EndProject
Project("{FAE04EC0-301F-11D3-BF4B-00C04F79EFBC}") = "Lab3.Main", "Lab3.Main\Lab3.Main.csproj", "{F808177E-BC5A-42FC-9FF6-1DE89EB1B1E7}"
EndProject
Project("{2150E333-8FDC-42A3-9474-1A3956D46DE8}") = "4Lab_", "4Lab_", "{29B14B96-606F-4576-B5B4-B27ADD74924C}"
EndProject
Project("{FAE04EC0-301F-11D3-BF4B-00C04F79EFBC}") = "Lab4.Main", "Lab4.Main\Lab4.Main.csproj", "{00EBABCB-0E97-4F5C-9DC5-A523B4749E34}"
EndProject
Project("{FAE04EC0-301F-11D3-BF4B-00C04F79EFBC}") = "Lab4.Models", "Lab4.Models\Lab4.Models.csproj", "{9C64478A-7A50-4946-8F30-C223079CD2C0}"
EndProject
Project("{FAE04EC0-301F-11D3-BF4B-00C04F79EFBC}") = "InputString", "InputString\InputString.csproj", "{621A52B3-F0D9-47FA-96D8-BA7A356A0A78}"
EndProject
Global
	GlobalSection(SolutionConfigurationPlatforms) = preSolution
		Debug|Any CPU = Debug|Any CPU
		Release|Any CPU = Release|Any CPU
	EndGlobalSection
	GlobalSection(ProjectConfigurationPlatforms) = postSolution
		{B2AEB2B5-6872-45A9-A0FF-6A7746973799}.Debug|Any CPU.ActiveCfg = Debug|Any CPU
		{B2AEB2B5-6872-45A9-A0FF-6A7746973799}.Debug|Any CPU.Build.0 = Debug|Any CPU
		{B2AEB2B5-6872-45A9-A0FF-6A7746973799}.Release|Any CPU.ActiveCfg = Release|Any CPU
		{B2AEB2B5-6872-45A9-A0FF-6A7746973799}.Release|Any CPU.Build.0 = Release|Any CPU
		{09AAB01F-123D-4822-B3FD-B57FA10604FC}.Debug|Any CPU.ActiveCfg = Debug|Any CPU
		{09AAB01F-123D-4822-B3FD-B57FA10604FC}.Debug|Any CPU.Build.0 = Debug|Any CPU
		{09AAB01F-123D-4822-B3FD-B57FA10604FC}.Release|Any CPU.ActiveCfg = Release|Any CPU
		{09AAB01F-123D-4822-B3FD-B57FA10604FC}.Release|Any CPU.Build.0 = Release|Any CPU
		{DD024191-D28D-43B6-AFDF-964D0E3326A8}.Debug|Any CPU.ActiveCfg = Debug|Any CPU
		{DD024191-D28D-43B6-AFDF-964D0E3326A8}.Debug|Any CPU.Build.0 = Debug|Any CPU
		{DD024191-D28D-43B6-AFDF-964D0E3326A8}.Release|Any CPU.ActiveCfg = Release|Any CPU
		{DD024191-D28D-43B6-AFDF-964D0E3326A8}.Release|Any CPU.Build.0 = Release|Any CPU
		{C30E91BC-3292-4E18-BEC5-D5DB02164648}.Debug|Any CPU.ActiveCfg = Debug|Any CPU
		{C30E91BC-3292-4E18-BEC5-D5DB02164648}.Debug|Any CPU.Build.0 = Debug|Any CPU
		{C30E91BC-3292-4E18-BEC5-D5DB02164648}.Release|Any CPU.ActiveCfg = Release|Any CPU
		{C30E91BC-3292-4E18-BEC5-D5DB02164648}.Release|Any CPU.Build.0 = Release|Any CPU
		{B9BA4A9F-B044-4846-B744-6A2FBACD9730}.Debug|Any CPU.ActiveCfg = Debug|Any CPU
		{B9BA4A9F-B044-4846-B744-6A2FBACD9730}.Debug|Any CPU.Build.0 = Debug|Any CPU
		{B9BA4A9F-B044-4846-B744-6A2FBACD9730}.Release|Any CPU.ActiveCfg = Release|Any CPU
		{B9BA4A9F-B044-4846-B744-6A2FBACD9730}.Release|Any CPU.Build.0 = Release|Any CPU
		{F808177E-BC5A-42FC-9FF6-1DE89EB1B1E7}.Debug|Any CPU.ActiveCfg = Debug|Any CPU
		{F808177E-BC5A-42FC-9FF6-1DE89EB1B1E7}.Debug|Any CPU.Build.0 = Debug|Any CPU
		{F808177E-BC5A-42FC-9FF6-1DE89EB1B1E7}.Release|Any CPU.ActiveCfg = Release|Any CPU
		{F808177E-BC5A-42FC-9FF6-1DE89EB1B1E7}.Release|Any CPU.Build.0 = Release|Any CPU
		{00EBABCB-0E97-4F5C-9DC5-A523B4749E34}.Debug|Any CPU.ActiveCfg = Debug|Any CPU
		{00EBABCB-0E97-4F5C-9DC5-A523B4749E34}.Debug|Any CPU.Build.0 = Debug|Any CPU
		{00EBABCB-0E97-4F5C-9DC5-A523B4749E34}.Release|Any CPU.ActiveCfg = Release|Any CPU
		{00EBABCB-0E97-4F5C-9DC5-A523B4749E34}.Release|Any CPU.Build.0 = Release|Any CPU
		{9C64478A-7A50-4946-8F30-C223079CD2C0}.Debug|Any CPU.ActiveCfg = Debug|Any CPU
		{9C64478A-7A50-4946-8F30-C223079CD2C0}.Debug|Any CPU.Build.0 = Debug|Any CPU
		{9C64478A-7A50-4946-8F30-C223079CD2C0}.Release|Any CPU.ActiveCfg = Release|Any CPU
		{9C64478A-7A50-4946-8F30-C223079CD2C0}.Release|Any CPU.Build.0 = Release|Any CPU
		{621A52B3-F0D9-47FA-96D8-BA7A356A0A78}.Debug|Any CPU.ActiveCfg = Debug|Any CPU
		{621A52B3-F0D9-47FA-96D8-BA7A356A0A78}.Debug|Any CPU.Build.0 = Debug|Any CPU
		{621A52B3-F0D9-47FA-96D8-BA7A356A0A78}.Release|Any CPU.ActiveCfg = Release|Any CPU
		{621A52B3-F0D9-47FA-96D8-BA7A356A0A78}.Release|Any CPU.Build.0 = Release|Any CPU
	EndGlobalSection
	GlobalSection(SolutionProperties) = preSolution
		HideSolutionNode = FALSE
	EndGlobalSection
	GlobalSection(NestedProjects) = preSolution
		{B2AEB2B5-6872-45A9-A0FF-6A7746973799} = {58B7CD25-7D08-42AC-950F-5602E5A54D36}
		{09AAB01F-123D-4822-B3FD-B57FA10604FC} = {58B7CD25-7D08-42AC-950F-5602E5A54D36}
		{DD024191-D28D-43B6-AFDF-964D0E3326A8} = {4EDB95BC-2239-43D0-A898-A3B2262B622F}
		{C30E91BC-3292-4E18-BEC5-D5DB02164648} = {4EDB95BC-2239-43D0-A898-A3B2262B622F}
		{B9BA4A9F-B044-4846-B744-6A2FBACD9730} = {975CDED7-FBB1-4AD9-815F-8D889ED50A0D}
		{F808177E-BC5A-42FC-9FF6-1DE89EB1B1E7} = {975CDED7-FBB1-4AD9-815F-8D889ED50A0D}
		{00EBABCB-0E97-4F5C-9DC5-A523B4749E34} = {29B14B96-606F-4576-B5B4-B27ADD74924C}
		{9C64478A-7A50-4946-8F30-C223079CD2C0} = {29B14B96-606F-4576-B5B4-B27ADD74924C}
	EndGlobalSection
	GlobalSection(ExtensibilityGlobals) = postSolution
		SolutionGuid = {83EA457E-8211-485A-9F7C-B58A1A92EEBE}
	EndGlobalSection
EndGlobal
